
Microsoft Visual Studio Solution File, Format Version 12.00
# Visual Studio Version 16
VisualStudioVersion = 16.0.30330.147
MinimumVisualStudioVersion = 10.0.40219.1
Project("{9A19103F-16F7-4668-BE54-9A1E7A4F7556}") = "OdeToFood.Core", "OdeToFood.Core\OdeToFood.Core.csproj", "{BA10EA3B-9D88-44BF-84FB-4265739E7D8E}"
EndProject
Project("{9A19103F-16F7-4668-BE54-9A1E7A4F7556}") = "OdeToFood.Data", "OdeToFood.Data\OdeToFood.Data.csproj", "{D3C70E88-2107-4134-8FE3-042882F6EE65}"
EndProject
Project("{9A19103F-16F7-4668-BE54-9A1E7A4F7556}") = "OdeToFood", "OdeToFood\OdeToFood.csproj", "{ACFDB6F8-2C57-451D-A2E5-955A0618C7B9}"
EndProject
Global
	GlobalSection(SolutionConfigurationPlatforms) = preSolution
		Debug|Any CPU = Debug|Any CPU
		Release|Any CPU = Release|Any CPU
	EndGlobalSection
	GlobalSection(ProjectConfigurationPlatforms) = postSolution
		{BA10EA3B-9D88-44BF-84FB-4265739E7D8E}.Debug|Any CPU.ActiveCfg = Debug|Any CPU
		{BA10EA3B-9D88-44BF-84FB-4265739E7D8E}.Debug|Any CPU.Build.0 = Debug|Any CPU
		{BA10EA3B-9D88-44BF-84FB-4265739E7D8E}.Release|Any CPU.ActiveCfg = Release|Any CPU
		{BA10EA3B-9D88-44BF-84FB-4265739E7D8E}.Release|Any CPU.Build.0 = Release|Any CPU
		{D3C70E88-2107-4134-8FE3-042882F6EE65}.Debug|Any CPU.ActiveCfg = Debug|Any CPU
		{D3C70E88-2107-4134-8FE3-042882F6EE65}.Debug|Any CPU.Build.0 = Debug|Any CPU
		{D3C70E88-2107-4134-8FE3-042882F6EE65}.Release|Any CPU.ActiveCfg = Release|Any CPU
		{D3C70E88-2107-4134-8FE3-042882F6EE65}.Release|Any CPU.Build.0 = Release|Any CPU
		{ACFDB6F8-2C57-451D-A2E5-955A0618C7B9}.Debug|Any CPU.ActiveCfg = Debug|Any CPU
		{ACFDB6F8-2C57-451D-A2E5-955A0618C7B9}.Debug|Any CPU.Build.0 = Debug|Any CPU
		{ACFDB6F8-2C57-451D-A2E5-955A0618C7B9}.Release|Any CPU.ActiveCfg = Release|Any CPU
		{ACFDB6F8-2C57-451D-A2E5-955A0618C7B9}.Release|Any CPU.Build.0 = Release|Any CPU
	EndGlobalSection
	GlobalSection(SolutionProperties) = preSolution
		HideSolutionNode = FALSE
	EndGlobalSection
	GlobalSection(ExtensibilityGlobals) = postSolution
		SolutionGuid = {2B2F8030-3DB6-4107-873E-6A1042C29FE6}
	EndGlobalSection
EndGlobal
